{
  "lockfileVersion": 1,
  "configVersion": 1,
  "workspaces": {
    "": {
      "name": "bser.js",
      "dependencies": {
        "ky": "^2.0.2",
      },
      "devDependencies": {
        "@types/bun": "^1.4.0",
        "bun-plugin-dtsx": "^0.11.10",
      },
    },
  },
  "packages": {
    "@stacksjs/clapp": ["@stacksjs/clapp@0.2.10", "", {}, "sha512-l/2F0u5ihpae8R4kJ3Pdh6tV7aEpSxu6hCyafhw38Fl9+x2YKxZfUK+fF/G5AVwSzJar3dkKuMxbMcQ0PXKGRg=="],

    "@stacksjs/dtsx": ["@stacksjs/dtsx@0.11.10", "", { "dependencies": { "@stacksjs/clapp": "^0.2.0" }, "bin": { "dtsx": "./dist/bin/cli.js" } }, "sha512-NOSSGv7mdxzmijmKHxTZDmgZp7vCYrRKWpDwNqwTc97MTv5csjo3uukf7A/c+s7pSzJd+HxqsTCZ7IznjfEtmw=="],

    "@types/bun": ["@types/bun@1.4.0", "", { "dependencies": { "bun-types": "1.4.0" } }, "sha512-K+lZULY23vRgK/CfTjFIV+tyifaNdSMlPh9j+6mQ/cLfpOznLyAuzgV/JQysyECpkBQLVMSyvjlr2fBUSA9wFQ=="],

    "@types/node": ["@types/node@26.1.1", "", { "dependencies": { "undici-types": "~8.3.0" } }, "sha512-nxAkRSVkN1Y0JC1W8ky/fTfkGsMmcrRsbx+3XoZE+rMOX71kLYTV7fLXpqud1GpbpP5TuffXFqfX7fH2GgZREw=="],

    "bun-plugin-dtsx": ["bun-plugin-dtsx@0.11.10", "", { "dependencies": { "@stacksjs/dtsx": "0.11.10" } }, "sha512-qQrEBIV1pzhDmrxmhTHhgVK5gqE5CfpO8C9NCp7zUaN48c4IJVrpqXbeNWch7sAT/Hf4GhVMWau7T65xySm59Q=="],

    "bun-types": ["bun-types@1.4.0", "", { "dependencies": { "@types/node": "*" } }, "sha512-iIKw23BspnQQYd3prITOBxeUsxBHnwzX6YJfGMuNOZzeNcMmVqzIIVGRm1l69ogaPQmb4wB6BN8mA5bE9YuC5Q=="],

    "ky": ["ky@2.0.2", "", {}, "sha512-/GmXpo9F9W+f8n4Ivr2iH+7h7wL7jLbLKWkMlpflcCRb6kGjBfTlASEXaZ9qUgNTn4VgS0P2pwxxzQ4EM6Ulgg=="],

    "undici-types": ["undici-types@8.3.0", "", {}, "sha512-j375ScV60dom+YkPFIfTLcOiPxkN/buHz5GobjLhixFuANaNs3C9l4GmrWqejgXWJ7BbJcFYpTEUkS1Ge8bpZQ=="],
  }
}
